
Microsoft Visual Studio Solution File, Format Version 12.00
# Visual Studio Version 17
VisualStudioVersion = 17.5.33530.505
MinimumVisualStudioVersion = 10.0.40219.1
Project("{FAE04EC0-301F-11D3-BF4B-00C04F79EFBC}") = "L3_E1", "L3_E1\L3_E1.csproj", "{2D4EBEAD-ABFF-4194-B468-320F30D8E2A9}"
EndProject
Global
	GlobalSection(SolutionConfigurationPlatforms) = preSolution
		Debug|Any CPU = Debug|Any CPU
		Release|Any CPU = Release|Any CPU
	EndGlobalSection
	GlobalSection(ProjectConfigurationPlatforms) = postSolution
		{2D4EBEAD-ABFF-4194-B468-320F30D8E2A9}.Debug|Any CPU.ActiveCfg = Debug|Any CPU
		{2D4EBEAD-ABFF-4194-B468-320F30D8E2A9}.Debug|Any CPU.Build.0 = Debug|Any CPU
		{2D4EBEAD-ABFF-4194-B468-320F30D8E2A9}.Release|Any CPU.ActiveCfg = Release|Any CPU
		{2D4EBEAD-ABFF-4194-B468-320F30D8E2A9}.Release|Any CPU.Build.0 = Release|Any CPU
	EndGlobalSection
	GlobalSection(SolutionProperties) = preSolution
		HideSolutionNode = FALSE
	EndGlobalSection
	GlobalSection(ExtensibilityGlobals) = postSolution
		SolutionGuid = {B809CCBE-29DF-42D4-BFA8-4D3CD8D63E94}
	EndGlobalSection
EndGlobal
